
Microsoft Visual Studio Solution File, Format Version 12.00
# Visual Studio Version 16
VisualStudioVersion = 16.0.31624.102
MinimumVisualStudioVersion = 10.0.40219.1
Project("{FAE04EC0-301F-11D3-BF4B-00C04F79EFBC}") = "Coin Exchange", "Coin Exchange\Coin Exchange.csproj", "{01509C8E-1238-471A-B5AB-03C47BCA0E7F}"
EndProject
Global
	GlobalSection(SolutionConfigurationPlatforms) = preSolution
		Debug|Any CPU = Debug|Any CPU
		Release|Any CPU = Release|Any CPU
	EndGlobalSection
	GlobalSection(ProjectConfigurationPlatforms) = postSolution
		{01509C8E-1238-471A-B5AB-03C47BCA0E7F}.Debug|Any CPU.ActiveCfg = Debug|Any CPU
		{01509C8E-1238-471A-B5AB-03C47BCA0E7F}.Debug|Any CPU.Build.0 = Debug|Any CPU
		{01509C8E-1238-471A-B5AB-03C47BCA0E7F}.Release|Any CPU.ActiveCfg = Release|Any CPU
		{01509C8E-1238-471A-B5AB-03C47BCA0E7F}.Release|Any CPU.Build.0 = Release|Any CPU
	EndGlobalSection
	GlobalSection(SolutionProperties) = preSolution
		HideSolutionNode = FALSE
	EndGlobalSection
	GlobalSection(ExtensibilityGlobals) = postSolution
		SolutionGuid = {68D88CDE-E27F-4FAC-98DE-ECD228A0733A}
	EndGlobalSection
EndGlobal
